// !$*UTF8*$!
{
	archiveVersion = 1;
	classes = {
	};
	objectVersion = 50;
	objects = {

/* Begin PBXBuildFile section */
		6CF9BF6620E733AA00343C8E /* AppDelegate.swift in Sources */ = {isa = PBXBuildFile; fileRef = 6CF9BF6520E733AA00343C8E /* AppDelegate.swift */; };
		6CF9BF6820E733AA00343C8E /* ViewController.swift in Sources */ = {isa = PBXBuildFile; fileRef = 6CF9BF6720E733AA00343C8E /* ViewController.swift */; };
		6CF9BF6B20E733AA00343C8E /* Main.storyboard in Resources */ = {isa = PBXBuildFile; fileRef = 6CF9BF6920E733AA00343C8E /* Main.storyboard */; };
		6CF9BF6D20E733AC00343C8E /* Assets.xcassets in Resources */ = {isa = PBXBuildFile; fileRef = 6CF9BF6C20E733AC00343C8E /* Assets.xcassets */; };
		6CF9BF7020E733AC00343C8E /* LaunchScreen.storyboard in Resources */ = {isa = PBXBuildFile; fileRef = 6CF9BF6E20E733AC00343C8E /* LaunchScreen.storyboard */; };
		6CF9BF7B20E733AC00343C8E /* DynamicPassTests.swift in Sources */ = {isa = PBXBuildFile; fileRef = 6CF9BF7A20E733AC00343C8E /* DynamicPassTests.swift */; };
		6CF9BF8620E733AC00343C8E /* DynamicPassUITests.swift in Sources */ = {isa = PBXBuildFile; fileRef = 6CF9BF8520E733AC00343C8E /* DynamicPassUITests.swift */; };
/* End PBXBuildFile section */

/* Begin PBXContainerItemProxy section */
		6CF9BF7720E733AC00343C8E /* PBXContainerItemProxy */ = {
			isa = PBXContainerItemProxy;
			containerPortal = 6CF9BF5A20E733AA00343C8E /* Project object */;
			proxyType = 1;
			remoteGlobalIDString = 6CF9BF6120E733AA00343C8E;
			remoteInfo = DynamicPass;
		};
		6CF9BF8220E733AC00343C8E /* PBXContainerItemProxy */ = {
			isa = PBXContainerItemProxy;
			containerPortal = 6CF9BF5A20E733AA00343C8E /* Project object */;
			proxyType = 1;
			remoteGlobalIDString = 6CF9BF6120E733AA00343C8E;
			remoteInfo = DynamicPass;
		};
/* End PBXContainerItemProxy section */

/* Begin PBXFileReference section */
		6CF9BF6220E733AA00343C8E /* DynamicPass.app */ = {isa = PBXFileReference; explicitFileType = wrapper.application; includeInIndex = 0; path = DynamicPass.app; sourceTree = BUILT_PRODUCTS_DIR; };
		6CF9BF6520E733AA00343C8E /* AppDelegate.swift */ = {isa = PBXFileReference; lastKnownFileType = sourcecode.swift; path = AppDelegate.swift; sourceTree = "<group>"; };
		6CF9BF6720E733AA00343C8E /* ViewController.swift */ = {isa = PBXFileReference; lastKnownFileType = sourcecode.swift; path = ViewController.swift; sourceTree = "<group>"; };
		6CF9BF6A20E733AA00343C8E /* Base */ = {isa = PBXFileReference; lastKnownFileType = file.storyboard; name = Base; path = Base.lproj/Main.storyboard; sourceTree = "<group>"; };
		6CF9BF6C20E733AC00343C8E /* Assets.xcassets */ = {isa = PBXFileReference; lastKnownFileType = folder.assetcatalog; path = Assets.xcassets; sourceTree = "<group>"; };
		6CF9BF6F20E733AC00343C8E /* Base */ = {isa = PBXFileReference; lastKnownFileType = file.storyboard; name = Base; path = Base.lproj/LaunchScreen.storyboard; sourceTree = "<group>"; };
		6CF9BF7120E733AC00343C8E /* Info.plist */ = {isa = PBXFileReference; lastKnownFileType = text.plist.xml; path = Info.plist; sourceTree = "<group>"; };
		6CF9BF7620E733AC00343C8E /* DynamicPassTests.xctest */ = {isa = PBXFileReference; explicitFileType = wrapper.cfbundle; includeInIndex = 0; path = DynamicPassTests.xctest; sourceTree = BUILT_PRODUCTS_DIR; };
		6CF9BF7A20E733AC00343C8E /* DynamicPassTests.swift */ = {isa = PBXFileReference; lastKnownFileType = sourcecode.swift; path = DynamicPassTests.swift; sourceTree = "<group>"; };
		6CF9BF7C20E733AC00343C8E /* Info.plist */ = {isa = PBXFileReference; lastKnownFileType = text.plist.xml; path = Info.plist; sourceTree = "<group>"; };
		6CF9BF8120E733AC00343C8E /* DynamicPassUITests.xctest */ = {isa = PBXFileReference; explicitFileType = wrapper.cfbundle; includeInIndex = 0; path = DynamicPassUITests.xctest; sourceTree = BUILT_PRODUCTS_DIR; };
		6CF9BF8520E733AC00343C8E /* DynamicPassUITests.swift */ = {isa = PBXFileReference; lastKnownFileType = sourcecode.swift; path = DynamicPassUITests.swift; sourceTree = "<group>"; };
		6CF9BF8720E733AC00343C8E /* Info.plist */ = {isa = PBXFileReference; lastKnownFileType = text.plist.xml; path = Info.plist; sourceTree = "<group>"; };
/* End PBXFileReference section */

/* Begin PBXFrameworksBuildPhase section */
		6CF9BF5F20E733AA00343C8E /* Frameworks */ = {
			isa = PBXFrameworksBuildPhase;
			buildActionMask = 2147483647;
			files = (
			);
			runOnlyForDeploymentPostprocessing = 0;
		};
		6CF9BF7320E733AC00343C8E /* Frameworks */ = {
			isa = PBXFrameworksBuildPhase;
			buildActionMask = 2147483647;
			files = (
			);
			runOnlyForDeploymentPostprocessing = 0;
		};
		6CF9BF7E20E733AC00343C8E /* Frameworks */ = {
			isa = PBXFrameworksBuildPhase;
			buildActionMask = 2147483647;
			files = (
			);
			runOnlyForDeploymentPostprocessing = 0;
		};
/* End PBXFrameworksBuildPhase section */

/* Begin PBXGroup section */
		6CF9BF5920E733AA00343C8E = {
			isa = PBXGroup;
			children = (
				6CF9BF6420E733AA00343C8E /* DynamicPass */,
				6CF9BF7920E733AC00343C8E /* DynamicPassTests */,
				6CF9BF8420E733AC00343C8E /* DynamicPassUITests */,
				6CF9BF6320E733AA00343C8E /* Products */,
			);
			sourceTree = "<group>";
		};
		6CF9BF6320E733AA00343C8E /* Products */ = {
			isa = PBXGroup;
			children = (
				6CF9BF6220E733AA00343C8E /* DynamicPass.app */,
				6CF9BF7620E733AC00343C8E /* DynamicPassTests.xctest */,
				6CF9BF8120E733AC00343C8E /* DynamicPassUITests.xctest */,
			);
			name = Products;
			sourceTree = "<group>";
		};
		6CF9BF6420E733AA00343C8E /* DynamicPass */ = {
			isa = PBXGroup;
			children = (
				6CF9BF6520E733AA00343C8E /* AppDelegate.swift */,
				6CF9BF6720E733AA00343C8E /* ViewController.swift */,
				6CF9BF6920E733AA00343C8E /* Main.storyboard */,
				6CF9BF6C20E733AC00343C8E /* Assets.xcassets */,
				6CF9BF6E20E733AC00343C8E /* LaunchScreen.storyboard */,
				6CF9BF7120E733AC00343C8E /* Info.plist */,
			);
			path = DynamicPass;
			sourceTree = "<group>";
		};
		6CF9BF7920E733AC00343C8E /* DynamicPassTests */ = {
			isa = PBXGroup;
			children = (
				6CF9BF7A20E733AC00343C8E /* DynamicPassTests.swift */,
				6CF9BF7C20E733AC00343C8E /* Info.plist */,
			);
			path = DynamicPassTests;
			sourceTree = "<group>";
		};
		6CF9BF8420E733AC00343C8E /* DynamicPassUITests */ = {
			isa = PBXGroup;
			children = (
				6CF9BF8520E733AC00343C8E /* DynamicPassUITests.swift */,
				6CF9BF8720E733AC00343C8E /* Info.plist */,
			);
			path = DynamicPassUITests;
			sourceTree = "<group>";
		};
/* End PBXGroup section */

/* Begin PBXNativeTarget section */
		6CF9BF6120E733AA00343C8E /* DynamicPass */ = {
			isa = PBXNativeTarget;
			buildConfigurationList = 6CF9BF8A20E733AC00343C8E /* Build configuration list for PBXNativeTarget "DynamicPass" */;
			buildPhases = (
				6CF9BF5E20E733AA00343C8E /* Sources */,
				6CF9BF5F20E733AA00343C8E /* Frameworks */,
				6CF9BF6020E733AA00343C8E /* Resources */,
			);
			buildRules = (
			);
			dependencies = (
			);
			name = DynamicPass;
			productName = DynamicPass;
			productReference = 6CF9BF6220E733AA00343C8E /* DynamicPass.app */;
			productType = "com.apple.product-type.application";
		};
		6CF9BF7520E733AC00343C8E /* DynamicPassTests */ = {
			isa = PBXNativeTarget;
			buildConfigurationList = 6CF9BF8D20E733AC00343C8E /* Build configuration list for PBXNativeTarget "DynamicPassTests" */;
			buildPhases = (
				6CF9BF7220E733AC00343C8E /* Sources */,
				6CF9BF7320E733AC00343C8E /* Frameworks */,
				6CF9BF7420E733AC00343C8E /* Resources */,
			);
			buildRules = (
			);
			dependencies = (
				6CF9BF7820E733AC00343C8E /* PBXTargetDependency */,
			);
			name = DynamicPassTests;
			productName = DynamicPassTests;
			productReference = 6CF9BF7620E733AC00343C8E /* DynamicPassTests.xctest */;
			productType = "com.apple.product-type.bundle.unit-test";
		};
		6CF9BF8020E733AC00343C8E /* DynamicPassUITests */ = {
			isa = PBXNativeTarget;
			buildConfigurationList = 6CF9BF9020E733AC00343C8E /* Build configuration list for PBXNativeTarget "DynamicPassUITests" */;
			buildPhases = (
				6CF9BF7D20E733AC00343C8E /* Sources */,
				6CF9BF7E20E733AC00343C8E /* Frameworks */,
				6CF9BF7F20E733AC00343C8E /* Resources */,
			);
			buildRules = (
			);
			dependencies = (
				6CF9BF8320E733AC00343C8E /* PBXTargetDependency */,
			);
			name = DynamicPassUITests;
			productName = DynamicPassUITests;
			productReference = 6CF9BF8120E733AC00343C8E /* DynamicPassUITests.xctest */;
			productType = "com.apple.product-type.bundle.ui-testing";
		};
/* End PBXNativeTarget section */

/* Begin PBXProject section */
		6CF9BF5A20E733AA00343C8E /* Project object */ = {
			isa = PBXProject;
			attributes = {
				LastSwiftUpdateCheck = 0940;
				LastUpgradeCheck = 0940;
				ORGANIZATIONNAME = "Gonzalo Toledo";
				TargetAttributes = {
					6CF9BF6120E733AA00343C8E = {
						CreatedOnToolsVersion = 9.4.1;
					};
					6CF9BF7520E733AC00343C8E = {
						CreatedOnToolsVersion = 9.4.1;
						TestTargetID = 6CF9BF6120E733AA00343C8E;
					};
					6CF9BF8020E733AC00343C8E = {
						CreatedOnToolsVersion = 9.4.1;
						TestTargetID = 6CF9BF6120E733AA00343C8E;
					};
				};
			};
			buildConfigurationList = 6CF9BF5D20E733AA00343C8E /* Build configuration list for PBXProject "DynamicPass" */;
			compatibilityVersion = "Xcode 9.3";
			developmentRegion = en;
			hasScannedForEncodings = 0;
			knownRegions = (
				en,
				Base,
			);
			mainGroup = 6CF9BF5920E733AA00343C8E;
			productRefGroup = 6CF9BF6320E733AA00343C8E /* Products */;
			projectDirPath = "";
			projectRoot = "";
			targets = (
				6CF9BF6120E733AA00343C8E /* DynamicPass */,
				6CF9BF7520E733AC00343C8E /* DynamicPassTests */,
				6CF9BF8020E733AC00343C8E /* DynamicPassUITests */,
			);
		};
/* End PBXProject section */

/* Begin PBXResourcesBuildPhase section */
		6CF9BF6020E733AA00343C8E /* Resources */ = {
			isa = PBXResourcesBuildPhase;
			buildActionMask = 2147483647;
			files = (
				6CF9BF7020E733AC00343C8E /* LaunchScreen.storyboard in Resources */,
				6CF9BF6D20E733AC00343C8E /* Assets.xcassets in Resources */,
				6CF9BF6B20E733AA00343C8E /* Main.storyboard in Resources */,
			);
			runOnlyForDeploymentPostprocessing = 0;
		};
		6CF9BF7420E733AC00343C8E /* Resources */ = {
			isa = PBXResourcesBuildPhase;
			buildActionMask = 2147483647;
			files = (
			);
			runOnlyForDeploymentPostprocessing = 0;
		};
		6CF9BF7F20E733AC00343C8E /* Resources */ = {
			isa = PBXResourcesBuildPhase;
			buildActionMask = 2147483647;
			files = (
			);
			runOnlyForDeploymentPostprocessing = 0;
		};
/* End PBXResourcesBuildPhase section */

/* Begin PBXSourcesBuildPhase section */
		6CF9BF5E20E733AA00343C8E /* Sources */ = {
			isa = PBXSourcesBuildPhase;
			buildActionMask = 2147483647;
			files = (
				6CF9BF6820E733AA00343C8E /* ViewController.swift in Sources */,
				6CF9BF6620E733AA00343C8E /* AppDelegate.swift in Sources */,
			);
			runOnlyForDeploymentPostprocessing = 0;
		};
		6CF9BF7220E733AC00343C8E /* Sources */ = {
			isa = PBXSourcesBuildPhase;
			buildActionMask = 2147483647;
			files = (
				6CF9BF7B20E733AC00343C8E /* DynamicPassTests.swift in Sources */,
			);
			runOnlyForDeploymentPostprocessing = 0;
		};
		6CF9BF7D20E733AC00343C8E /* Sources */ = {
			isa = PBXSourcesBuildPhase;
			buildActionMask = 2147483647;
			files = (
				6CF9BF8620E733AC00343C8E /* DynamicPassUITests.swift in Sources */,
			);
			runOnlyForDeploymentPostprocessing = 0;
		};
/* End PBXSourcesBuildPhase section */

/* Begin PBXTargetDependency section */
		6CF9BF7820E733AC00343C8E /* PBXTargetDependency */ = {
			isa = PBXTargetDependency;
			target = 6CF9BF6120E733AA00343C8E /* DynamicPass */;
			targetProxy = 6CF9BF7720E733AC00343C8E /* PBXContainerItemProxy */;
		};
		6CF9BF8320E733AC00343C8E /* PBXTargetDependency */ = {
			isa = PBXTargetDependency;
			target = 6CF9BF6120E733AA00343C8E /* DynamicPass */;
			targetProxy = 6CF9BF8220E733AC00343C8E /* PBXContainerItemProxy */;
		};
/* End PBXTargetDependency section */

/* Begin PBXVariantGroup section */
		6CF9BF6920E733AA00343C8E /* Main.storyboard */ = {
			isa = PBXVariantGroup;
			children = (
				6CF9BF6A20E733AA00343C8E /* Base */,
			);
			name = Main.storyboard;
			sourceTree = "<group>";
		};
		6CF9BF6E20E733AC00343C8E /* LaunchScreen.storyboard */ = {
			isa = PBXVariantGroup;
			children = (
				6CF9BF6F20E733AC00343C8E /* Base */,
			);
			name = LaunchScreen.storyboard;
			sourceTree = "<group>";
		};
/* End PBXVariantGroup section */

/* Begin XCBuildConfiguration section */
		6CF9BF8820E733AC00343C8E /* Debug */ = {
			isa = XCBuildConfiguration;
			buildSettings = {
				ALWAYS_SEARCH_USER_PATHS = NO;
				CLANG_ANALYZER_NONNULL = YES;
				CLANG_ANALYZER_NUMBER_OBJECT_CONVERSION = YES_AGGRESSIVE;
				CLANG_CXX_LANGUAGE_STANDARD = "gnu++14";
				CLANG_CXX_LIBRARY = "libc++";
				CLANG_ENABLE_MODULES = YES;
				CLANG_ENABLE_OBJC_ARC = YES;
				CLANG_ENABLE_OBJC_WEAK = YES;
				CLANG_WARN_BLOCK_CAPTURE_AUTORELEASING = YES;
				CLANG_WARN_BOOL_CONVERSION = YES;
				CLANG_WARN_COMMA = YES;
				CLANG_WARN_CONSTANT_CONVERSION = YES;
				CLANG_WARN_DEPRECATED_OBJC_IMPLEMENTATIONS = YES;
				CLANG_WARN_DIRECT_OBJC_ISA_USAGE = YES_ERROR;
				CLANG_WARN_DOCUMENTATION_COMMENTS = YES;
				CLANG_WARN_EMPTY_BODY = YES;
				CLANG_WARN_ENUM_CONVERSION = YES;
				CLANG_WARN_INFINITE_RECURSION = YES;
				CLANG_WARN_INT_CONVERSION = YES;
				CLANG_WARN_NON_LITERAL_NULL_CONVERSION = YES;
				CLANG_WARN_OBJC_IMPLICIT_RETAIN_SELF = YES;
				CLANG_WARN_OBJC_LITERAL_CONVERSION = YES;
				CLANG_WARN_OBJC_ROOT_CLASS = YES_ERROR;
				CLANG_WARN_RANGE_LOOP_ANALYSIS = YES;
				CLANG_WARN_STRICT_PROTOTYPES = YES;
				CLANG_WARN_SUSPICIOUS_MOVE = YES;
				CLANG_WARN_UNGUARDED_AVAILABILITY = YES_AGGRESSIVE;
				CLANG_WARN_UNREACHABLE_CODE = YES;
				CLANG_WARN__DUPLICATE_METHOD_MATCH = YES;
				CODE_SIGN_IDENTITY = "iPhone Developer";
				COPY_PHASE_STRIP = NO;
				DEBUG_INFORMATION_FORMAT = dwarf;
				ENABLE_STRICT_OBJC_MSGSEND = YES;
				ENABLE_TESTABILITY = YES;
				GCC_C_LANGUAGE_STANDARD = gnu11;
				GCC_DYNAMIC_NO_PIC = NO;
				GCC_NO_COMMON_BLOCKS = YES;
				GCC_OPTIMIZATION_LEVEL = 0;
				GCC_PREPROCESSOR_DEFINITIONS = (
					"DEBUG=1",
					"$(inherited)",
				);
				GCC_WARN_64_TO_32_BIT_CONVERSION = YES;
				GCC_WARN_ABOUT_RETURN_TYPE = YES_ERROR;
				GCC_WARN_UNDECLARED_SELECTOR = YES;
				GCC_WARN_UNINITIALIZED_AUTOS = YES_AGGRESSIVE;
				GCC_WARN_UNUSED_FUNCTION = YES;
				GCC_WARN_UNUSED_VARIABLE = YES;
				IPHONEOS_DEPLOYMENT_TARGET = 11.4;
				MTL_ENABLE_DEBUG_INFO = YES;
				ONLY_ACTIVE_ARCH = YES;
				SDKROOT = iphoneos;
				SWIFT_ACTIVE_COMPILATION_CONDITIONS = DEBUG;
				SWIFT_OPTIMIZATION_LEVEL = "-Onone";
			};
			name = Debug;
		};
		6CF9BF8920E733AC00343C8E /* Release */ = {
			isa = XCBuildConfiguration;
			buildSettings = {
				ALWAYS_SEARCH_USER_PATHS = NO;
				CLANG_ANALYZER_NONNULL = YES;
				CLANG_ANALYZER_NUMBER_OBJECT_CONVERSION = YES_AGGRESSIVE;
				CLANG_CXX_LANGUAGE_STANDARD = "gnu++14";
				CLANG_CXX_LIBRARY = "libc++";
				CLANG_ENABLE_MODULES = YES;
				CLANG_ENABLE_OBJC_ARC = YES;
				CLANG_ENABLE_OBJC_WEAK = YES;
				CLANG_WARN_BLOCK_CAPTURE_AUTORELEASING = YES;
				CLANG_WARN_BOOL_CONVERSION = YES;
				CLANG_WARN_COMMA = YES;
				CLANG_WARN_CONSTANT_CONVERSION = YES;
				CLANG_WARN_DEPRECATED_OBJC_IMPLEMENTATIONS = YES;
				CLANG_WARN_DIRECT_OBJC_ISA_USAGE = YES_ERROR;
				CLANG_WARN_DOCUMENTATION_COMMENTS = YES;
				CLANG_WARN_EMPTY_BODY = YES;
				CLANG_WARN_ENUM_CONVERSION = YES;
				CLANG_WARN_INFINITE_RECURSION = YES;
				CLANG_WARN_INT_CONVERSION = YES;
				CLANG_WARN_NON_LITERAL_NULL_CONVERSION = YES;
				CLANG_WARN_OBJC_IMPLICIT_RETAIN_SELF = YES;
				CLANG_WARN_OBJC_LITERAL_CONVERSION = YES;
				CLANG_WARN_OBJC_ROOT_CLASS = YES_ERROR;
				CLANG_WARN_RANGE_LOOP_ANALYSIS = YES;
				CLANG_WARN_STRICT_PROTOTYPES = YES;
				CLANG_WARN_SUSPICIOUS_MOVE = YES;
				CLANG_WARN_UNGUARDED_AVAILABILITY = YES_AGGRESSIVE;
				CLANG_WARN_UNREACHABLE_CODE = YES;
				CLANG_WARN__DUPLICATE_METHOD_MATCH = YES;
				CODE_SIGN_IDENTITY = "iPhone Developer";
				COPY_PHASE_STRIP = NO;
				DEBUG_INFORMATION_FORMAT = "dwarf-with-dsym";
				ENABLE_NS_ASSERTIONS = NO;
				ENABLE_STRICT_OBJC_MSGSEND = YES;
				GCC_C_LANGUAGE_STANDARD = gnu11;
				GCC_NO_COMMON_BLOCKS = YES;
				GCC_WARN_64_TO_32_BIT_CONVERSION = YES;
				GCC_WARN_ABOUT_RETURN_TYPE = YES_ERROR;
				GCC_WARN_UNDECLARED_SELECTOR = YES;
				GCC_WARN_UNINITIALIZED_AUTOS = YES_AGGRESSIVE;
				GCC_WARN_UNUSED_FUNCTION = YES;
				GCC_WARN_UNUSED_VARIABLE = YES;
				IPHONEOS_DEPLOYMENT_TARGET = 11.4;
				MTL_ENABLE_DEBUG_INFO = NO;
				SDKROOT = iphoneos;
				SWIFT_COMPILATION_MODE = wholemodule;
				SWIFT_OPTIMIZATION_LEVEL = "-O";
				VALIDATE_PRODUCT = YES;
			};
			name = Release;
		};
		6CF9BF8B20E733AC00343C8E /* Debug */ = {
			isa = XCBuildConfiguration;
			buildSettings = {
				ASSETCATALOG_COMPILER_APPICON_NAME = AppIcon;
				CODE_SIGN_STYLE = Automatic;
				DEVELOPMENT_TEAM = 83T8C56H86;
				INFOPLIST_FILE = DynamicPass/Info.plist;
				LD_RUNPATH_SEARCH_PATHS = (
					"$(inherited)",
					"@executable_path/Frameworks",
				);
				PRODUCT_BUNDLE_IDENTIFIER = GT.DynamicPass;
				PRODUCT_NAME = "$(TARGET_NAME)";
				SWIFT_VERSION = 4.0;
				TARGETED_DEVICE_FAMILY = "1,2";
			};
			name = Debug;
		};
		6CF9BF8C20E733AC00343C8E /* Release */ = {
			isa = XCBuildConfiguration;
			buildSettings = {
				ASSETCATALOG_COMPILER_APPICON_NAME = AppIcon;
				CODE_SIGN_STYLE = Automatic;
				DEVELOPMENT_TEAM = 83T8C56H86;
				INFOPLIST_FILE = DynamicPass/Info.plist;
				LD_RUNPATH_SEARCH_PATHS = (
					"$(inherited)",
					"@executable_path/Frameworks",
				);
				PRODUCT_BUNDLE_IDENTIFIER = GT.DynamicPass;
				PRODUCT_NAME = "$(TARGET_NAME)";
				SWIFT_VERSION = 4.0;
				TARGETED_DEVICE_FAMILY = "1,2";
			};
			name = Release;
		};
		6CF9BF8E20E733AC00343C8E /* Debug */ = {
			isa = XCBuildConfiguration;
			buildSettings = {
				ALWAYS_EMBED_SWIFT_STANDARD_LIBRARIES = YES;
				BUNDLE_LOADER = "$(TEST_HOST)";
				CODE_SIGN_STYLE = Automatic;
				DEVELOPMENT_TEAM = 83T8C56H86;
				INFOPLIST_FILE = DynamicPassTests/Info.plist;
				LD_RUNPATH_SEARCH_PATHS = (
					"$(inherited)",
					"@executable_path/Frameworks",
					"@loader_path/Frameworks",
				);
				PRODUCT_BUNDLE_IDENTIFIER = GT.DynamicPassTests;
				PRODUCT_NAME = "$(TARGET_NAME)";
				SWIFT_VERSION = 4.0;
				TARGETED_DEVICE_FAMILY = "1,2";
				TEST_HOST = "$(BUILT_PRODUCTS_DIR)/DynamicPass.app/DynamicPass";
			};
			name = Debug;
		};
		6CF9BF8F20E733AC00343C8E /* Release */ = {
			isa = XCBuildConfiguration;
			buildSettings = {
				ALWAYS_EMBED_SWIFT_STANDARD_LIBRARIES = YES;
				BUNDLE_LOADER = "$(TEST_HOST)";
				CODE_SIGN_STYLE = Automatic;
				DEVELOPMENT_TEAM = 83T8C56H86;
				INFOPLIST_FILE = DynamicPassTests/Info.plist;
				LD_RUNPATH_SEARCH_PATHS = (
					"$(inherited)",
					"@executable_path/Frameworks",
					"@loader_path/Frameworks",
				);
				PRODUCT_BUNDLE_IDENTIFIER = GT.DynamicPassTests;
				PRODUCT_NAME = "$(TARGET_NAME)";
				SWIFT_VERSION = 4.0;
				TARGETED_DEVICE_FAMILY = "1,2";
				TEST_HOST = "$(BUILT_PRODUCTS_DIR)/DynamicPass.app/DynamicPass";
			};
			name = Release;
		};
		6CF9BF9120E733AC00343C8E /* Debug */ = {
			isa = XCBuildConfiguration;
			buildSettings = {
				ALWAYS_EMBED_SWIFT_STANDARD_LIBRARIES = YES;
				CODE_SIGN_STYLE = Automatic;
				DEVELOPMENT_TEAM = 83T8C56H86;
				INFOPLIST_FILE = DynamicPassUITests/Info.plist;
				LD_RUNPATH_SEARCH_PATHS = (
					"$(inherited)",
					"@executable_path/Frameworks",
					"@loader_path/Frameworks",
				);
				PRODUCT_BUNDLE_IDENTIFIER = GT.DynamicPassUITests;
				PRODUCT_NAME = "$(TARGET_NAME)";
				SWIFT_VERSION = 4.0;
				TARGETED_DEVICE_FAMILY = "1,2";
				TEST_TARGET_NAME = DynamicPass;
			};
			name = Debug;
		};
		6CF9BF9220E733AC00343C8E /* Release */ = {
			isa = XCBuildConfiguration;
			buildSettings = {
				ALWAYS_EMBED_SWIFT_STANDARD_LIBRARIES = YES;
				CODE_SIGN_STYLE = Automatic;
				DEVELOPMENT_TEAM = 83T8C56H86;
				INFOPLIST_FILE = DynamicPassUITests/Info.plist;
				LD_RUNPATH_SEARCH_PATHS = (
					"$(inherited)",
					"@executable_path/Frameworks",
					"@loader_path/Frameworks",
				);
				PRODUCT_BUNDLE_IDENTIFIER = GT.DynamicPassUITests;
				PRODUCT_NAME = "$(TARGET_NAME)";
				SWIFT_VERSION = 4.0;
				TARGETED_DEVICE_FAMILY = "1,2";
				TEST_TARGET_NAME = DynamicPass;
			};
			name = Release;
		};
/* End XCBuildConfiguration section */

/* Begin XCConfigurationList section */
		6CF9BF5D20E733AA00343C8E /* Build configuration list for PBXProject "DynamicPass" */ = {
			isa = XCConfigurationList;
			buildConfigurations = (
				6CF9BF8820E733AC00343C8E /* Debug */,
				6CF9BF8920E733AC00343C8E /* Release */,
			);
			defaultConfigurationIsVisible = 0;
			defaultConfigurationName = Release;
		};
		6CF9BF8A20E733AC00343C8E /* Build configuration list for PBXNativeTarget "DynamicPass" */ = {
			isa = XCConfigurationList;
			buildConfigurations = (
				6CF9BF8B20E733AC00343C8E /* Debug */,
				6CF9BF8C20E733AC00343C8E /* Release */,
			);
			defaultConfigurationIsVisible = 0;
			defaultConfigurationName = Release;
		};
		6CF9BF8D20E733AC00343C8E /* Build configuration list for PBXNativeTarget "DynamicPassTests" */ = {
			isa = XCConfigurationList;
			buildConfigurations = (
				6CF9BF8E20E733AC00343C8E /* Debug */,
				6CF9BF8F20E733AC00343C8E /* Release */,
			);
			defaultConfigurationIsVisible = 0;
			defaultConfigurationName = Release;
		};
		6CF9BF9020E733AC00343C8E /* Build configuration list for PBXNativeTarget "DynamicPassUITests" */ = {
			isa = XCConfigurationList;
			buildConfigurations = (
				6CF9BF9120E733AC00343C8E /* Debug */,
				6CF9BF9220E733AC00343C8E /* Release */,
			);
			defaultConfigurationIsVisible = 0;
			defaultConfigurationName = Release;
		};
/* End XCConfigurationList section */
	};
	rootObject = 6CF9BF5A20E733AA00343C8E /* Project object */;
}
